
Microsoft Visual Studio Solution File, Format Version 12.00
# Visual Studio Version 17
VisualStudioVersion = 17.5.2.0
MinimumVisualStudioVersion = 10.0.40219.1
Project("{FAE04EC0-301F-11D3-BF4B-00C04F79EFBC}") = "PicoGKExamples", "PicoGKExamples.csproj", "{7AFA0CA0-1D49-B727-7B83-77D5C57A6F0B}"
EndProject
Project("{2150E333-8FDC-42A3-9474-1A3956D46DE8}") = "FFSC-PicoGK", "FFSC-PicoGK", "{84B7ED85-4F38-1EAA-AA13-CDF3705409E3}"
EndProject
Project("{FAE04EC0-301F-11D3-BF4B-00C04F79EFBC}") = "FFSC_PicoGK.TestRunner", "FFSC-PicoGK\FFSC_PicoGK.TestRunner\FFSC_PicoGK.TestRunner.csproj", "{5905F963-D47F-4082-9041-03F5B256B5CC}"
EndProject
Global
	GlobalSection(SolutionConfigurationPlatforms) = preSolution
		Debug|Any CPU = Debug|Any CPU
		Debug|x64 = Debug|x64
		Debug|x86 = Debug|x86
		Release|Any CPU = Release|Any CPU
		Release|x64 = Release|x64
		Release|x86 = Release|x86
	EndGlobalSection
	GlobalSection(ProjectConfigurationPlatforms) = postSolution
		{7AFA0CA0-1D49-B727-7B83-77D5C57A6F0B}.Debug|Any CPU.ActiveCfg = Debug|Any CPU
		{7AFA0CA0-1D49-B727-7B83-77D5C57A6F0B}.Debug|Any CPU.Build.0 = Debug|Any CPU
		{7AFA0CA0-1D49-B727-7B83-77D5C57A6F0B}.Debug|x64.ActiveCfg = Debug|Any CPU
		{7AFA0CA0-1D49-B727-7B83-77D5C57A6F0B}.Debug|x64.Build.0 = Debug|Any CPU
		{7AFA0CA0-1D49-B727-7B83-77D5C57A6F0B}.Debug|x86.ActiveCfg = Debug|Any CPU
		{7AFA0CA0-1D49-B727-7B83-77D5C57A6F0B}.Debug|x86.Build.0 = Debug|Any CPU
		{7AFA0CA0-1D49-B727-7B83-77D5C57A6F0B}.Release|Any CPU.ActiveCfg = Release|Any CPU
		{7AFA0CA0-1D49-B727-7B83-77D5C57A6F0B}.Release|Any CPU.Build.0 = Release|Any CPU
		{7AFA0CA0-1D49-B727-7B83-77D5C57A6F0B}.Release|x64.ActiveCfg = Release|Any CPU
		{7AFA0CA0-1D49-B727-7B83-77D5C57A6F0B}.Release|x64.Build.0 = Release|Any CPU
		{7AFA0CA0-1D49-B727-7B83-77D5C57A6F0B}.Release|x86.ActiveCfg = Release|Any CPU
		{7AFA0CA0-1D49-B727-7B83-77D5C57A6F0B}.Release|x86.Build.0 = Release|Any CPU
		{5905F963-D47F-4082-9041-03F5B256B5CC}.Debug|Any CPU.ActiveCfg = Debug|Any CPU
		{5905F963-D47F-4082-9041-03F5B256B5CC}.Debug|Any CPU.Build.0 = Debug|Any CPU
		{5905F963-D47F-4082-9041-03F5B256B5CC}.Debug|x64.ActiveCfg = Debug|Any CPU
		{5905F963-D47F-4082-9041-03F5B256B5CC}.Debug|x64.Build.0 = Debug|Any CPU
		{5905F963-D47F-4082-9041-03F5B256B5CC}.Debug|x86.ActiveCfg = Debug|Any CPU
		{5905F963-D47F-4082-9041-03F5B256B5CC}.Debug|x86.Build.0 = Debug|Any CPU
		{5905F963-D47F-4082-9041-03F5B256B5CC}.Release|Any CPU.ActiveCfg = Release|Any CPU
		{5905F963-D47F-4082-9041-03F5B256B5CC}.Release|Any CPU.Build.0 = Release|Any CPU
		{5905F963-D47F-4082-9041-03F5B256B5CC}.Release|x64.ActiveCfg = Release|Any CPU
		{5905F963-D47F-4082-9041-03F5B256B5CC}.Release|x64.Build.0 = Release|Any CPU
		{5905F963-D47F-4082-9041-03F5B256B5CC}.Release|x86.ActiveCfg = Release|Any CPU
		{5905F963-D47F-4082-9041-03F5B256B5CC}.Release|x86.Build.0 = Release|Any CPU
	EndGlobalSection
	GlobalSection(SolutionProperties) = preSolution
		HideSolutionNode = FALSE
	EndGlobalSection
	GlobalSection(NestedProjects) = preSolution
		{5905F963-D47F-4082-9041-03F5B256B5CC} = {84B7ED85-4F38-1EAA-AA13-CDF3705409E3}
	EndGlobalSection
	GlobalSection(ExtensibilityGlobals) = postSolution
		SolutionGuid = {186C8C80-23FB-4675-9B4C-47FF25736FF6}
	EndGlobalSection
EndGlobal
